
Microsoft Visual Studio Solution File, Format Version 12.00
# Visual Studio 2012
Project("{FAE04EC0-301F-11D3-BF4B-00C04F79EFBC}") = "Beacon", "Beacon\Beacon.csproj", "{D519783B-D3EE-4F45-8A3F-545E7393B0EF}"
EndProject
Project("{FAE04EC0-301F-11D3-BF4B-00C04F79EFBC}") = "Beacon.iOS", "iOS\Beacon.iOS.csproj", "{DBC9F61F-3A94-47BF-B115-8AC246CBCD6D}"
EndProject
Project("{FAE04EC0-301F-11D3-BF4B-00C04F79EFBC}") = "Beacon.Droid", "Droid\Beacon.Droid.csproj", "{FB289916-A3A1-4DAD-ACA9-A11B8E26B0A7}"
EndProject
Global
	GlobalSection(SolutionConfigurationPlatforms) = preSolution
		Debug|Any CPU = Debug|Any CPU
		Release|Any CPU = Release|Any CPU
		Debug|iPhoneSimulator = Debug|iPhoneSimulator
		Release|iPhone = Release|iPhone
		Release|iPhoneSimulator = Release|iPhoneSimulator
		Debug|iPhone = Debug|iPhone
	EndGlobalSection
	GlobalSection(ProjectConfigurationPlatforms) = postSolution
		{D519783B-D3EE-4F45-8A3F-545E7393B0EF}.Debug|Any CPU.ActiveCfg = Debug|Any CPU
		{D519783B-D3EE-4F45-8A3F-545E7393B0EF}.Debug|Any CPU.Build.0 = Debug|Any CPU
		{D519783B-D3EE-4F45-8A3F-545E7393B0EF}.Release|Any CPU.ActiveCfg = Release|Any CPU
		{D519783B-D3EE-4F45-8A3F-545E7393B0EF}.Release|Any CPU.Build.0 = Release|Any CPU
		{D519783B-D3EE-4F45-8A3F-545E7393B0EF}.Debug|iPhoneSimulator.ActiveCfg = Debug|Any CPU
		{D519783B-D3EE-4F45-8A3F-545E7393B0EF}.Debug|iPhoneSimulator.Build.0 = Debug|Any CPU
		{D519783B-D3EE-4F45-8A3F-545E7393B0EF}.Release|iPhone.ActiveCfg = Release|Any CPU
		{D519783B-D3EE-4F45-8A3F-545E7393B0EF}.Release|iPhone.Build.0 = Release|Any CPU
		{D519783B-D3EE-4F45-8A3F-545E7393B0EF}.Release|iPhoneSimulator.ActiveCfg = Release|Any CPU
		{D519783B-D3EE-4F45-8A3F-545E7393B0EF}.Release|iPhoneSimulator.Build.0 = Release|Any CPU
		{D519783B-D3EE-4F45-8A3F-545E7393B0EF}.Debug|iPhone.ActiveCfg = Debug|Any CPU
		{D519783B-D3EE-4F45-8A3F-545E7393B0EF}.Debug|iPhone.Build.0 = Debug|Any CPU
		{DBC9F61F-3A94-47BF-B115-8AC246CBCD6D}.Debug|Any CPU.ActiveCfg = Debug|iPhoneSimulator
		{DBC9F61F-3A94-47BF-B115-8AC246CBCD6D}.Debug|Any CPU.Build.0 = Debug|iPhoneSimulator
		{DBC9F61F-3A94-47BF-B115-8AC246CBCD6D}.Release|Any CPU.ActiveCfg = Release|iPhone
		{DBC9F61F-3A94-47BF-B115-8AC246CBCD6D}.Release|Any CPU.Build.0 = Release|iPhone
		{DBC9F61F-3A94-47BF-B115-8AC246CBCD6D}.Debug|iPhoneSimulator.ActiveCfg = Debug|iPhoneSimulator
		{DBC9F61F-3A94-47BF-B115-8AC246CBCD6D}.Debug|iPhoneSimulator.Build.0 = Debug|iPhoneSimulator
		{DBC9F61F-3A94-47BF-B115-8AC246CBCD6D}.Release|iPhone.ActiveCfg = Release|iPhone
		{DBC9F61F-3A94-47BF-B115-8AC246CBCD6D}.Release|iPhone.Build.0 = Release|iPhone
		{DBC9F61F-3A94-47BF-B115-8AC246CBCD6D}.Release|iPhoneSimulator.ActiveCfg = Release|iPhoneSimulator
		{DBC9F61F-3A94-47BF-B115-8AC246CBCD6D}.Release|iPhoneSimulator.Build.0 = Release|iPhoneSimulator
		{DBC9F61F-3A94-47BF-B115-8AC246CBCD6D}.Debug|iPhone.ActiveCfg = Debug|iPhone
		{DBC9F61F-3A94-47BF-B115-8AC246CBCD6D}.Debug|iPhone.Build.0 = Debug|iPhone
		{FB289916-A3A1-4DAD-ACA9-A11B8E26B0A7}.Debug|Any CPU.ActiveCfg = Debug|Any CPU
		{FB289916-A3A1-4DAD-ACA9-A11B8E26B0A7}.Debug|Any CPU.Build.0 = Debug|Any CPU
		{FB289916-A3A1-4DAD-ACA9-A11B8E26B0A7}.Release|Any CPU.ActiveCfg = Release|Any CPU
		{FB289916-A3A1-4DAD-ACA9-A11B8E26B0A7}.Release|Any CPU.Build.0 = Release|Any CPU
		{FB289916-A3A1-4DAD-ACA9-A11B8E26B0A7}.Debug|iPhoneSimulator.ActiveCfg = Debug|Any CPU
		{FB289916-A3A1-4DAD-ACA9-A11B8E26B0A7}.Debug|iPhoneSimulator.Build.0 = Debug|Any CPU
		{FB289916-A3A1-4DAD-ACA9-A11B8E26B0A7}.Release|iPhone.ActiveCfg = Release|Any CPU
		{FB289916-A3A1-4DAD-ACA9-A11B8E26B0A7}.Release|iPhone.Build.0 = Release|Any CPU
		{FB289916-A3A1-4DAD-ACA9-A11B8E26B0A7}.Release|iPhoneSimulator.ActiveCfg = Release|Any CPU
		{FB289916-A3A1-4DAD-ACA9-A11B8E26B0A7}.Release|iPhoneSimulator.Build.0 = Release|Any CPU
		{FB289916-A3A1-4DAD-ACA9-A11B8E26B0A7}.Debug|iPhone.ActiveCfg = Debug|Any CPU
		{FB289916-A3A1-4DAD-ACA9-A11B8E26B0A7}.Debug|iPhone.Build.0 = Debug|Any CPU
	EndGlobalSection
EndGlobal
